
Microsoft Visual Studio Solution File, Format Version 12.00
# Visual Studio 2012
Project("{FAE04EC0-301F-11D3-BF4B-00C04F79EFBC}") = "Test-3", "Test-3\Test-3.csproj", "{1BD5DAC0-75E4-487C-BE42-FD0C51388795}"
EndProject
Global
	GlobalSection(SolutionConfigurationPlatforms) = preSolution
		Debug|Any CPU = Debug|Any CPU
		Release|Any CPU = Release|Any CPU
	EndGlobalSection
	GlobalSection(ProjectConfigurationPlatforms) = postSolution
		{1BD5DAC0-75E4-487C-BE42-FD0C51388795}.Debug|Any CPU.ActiveCfg = Debug|Any CPU
		{1BD5DAC0-75E4-487C-BE42-FD0C51388795}.Debug|Any CPU.Build.0 = Debug|Any CPU
		{1BD5DAC0-75E4-487C-BE42-FD0C51388795}.Release|Any CPU.ActiveCfg = Release|Any CPU
		{1BD5DAC0-75E4-487C-BE42-FD0C51388795}.Release|Any CPU.Build.0 = Release|Any CPU
	EndGlobalSection
	GlobalSection(SolutionProperties) = preSolution
		HideSolutionNode = FALSE
	EndGlobalSection
EndGlobal
